
Microsoft Visual Studio Solution File, Format Version 12.00
# Visual Studio Version 16
VisualStudioVersion = 16.0.31911.196
MinimumVisualStudioVersion = 10.0.40219.1
Project("{2150E333-8FDC-42A3-9474-1A3956D46DE8}") = "Doc", "Doc", "{90123149-A27D-460D-B5C2-5D2C346FD039}"
EndProject
Project("{2150E333-8FDC-42A3-9474-1A3956D46DE8}") = "Src", "Src", "{DC84978C-10A3-4C5D-BA52-0C89DD076222}"
EndProject
Project("{2150E333-8FDC-42A3-9474-1A3956D46DE8}") = "Test", "Test", "{395390E4-B0E4-4BA6-9825-734B9540B31C}"
EndProject
Project("{2150E333-8FDC-42A3-9474-1A3956D46DE8}") = "Common", "Common", "{1A36431C-E1CA-498A-9411-F913253525C3}"
EndProject
Project("{2150E333-8FDC-42A3-9474-1A3956D46DE8}") = "Core", "Core", "{295A8E59-B1D4-4A31-B645-026CDD871BEA}"
EndProject
Project("{2150E333-8FDC-42A3-9474-1A3956D46DE8}") = "Presentation", "Presentation", "{5D56B64B-B718-449A-90A8-FE6A08A0A294}"
EndProject
Project("{2150E333-8FDC-42A3-9474-1A3956D46DE8}") = "Infrastructure", "Infrastructure", "{4DB7FE2F-5E00-437F-B91E-5DBB76479D96}"
EndProject
Project("{FAE04EC0-301F-11D3-BF4B-00C04F79EFBC}") = "VCoffee.Common", "VCoffee.Common\VCoffee.Common\VCoffee.Common.csproj", "{7B755F32-8484-4F29-B8B7-320C93AE7DEB}"
EndProject
Project("{FAE04EC0-301F-11D3-BF4B-00C04F79EFBC}") = "VCoffee.Domain", "VCoffee.Domain\VCoffee.Domain\VCoffee.Domain.csproj", "{815FA337-02F8-45F7-B9FD-E54C06426F90}"
EndProject
Project("{FAE04EC0-301F-11D3-BF4B-00C04F79EFBC}") = "VCoffee.Application", "VCoffee.Application\VCoffee.Application\VCoffee.Application.csproj", "{75926E18-5273-4E52-9029-927369A8B97C}"
EndProject
Project("{FAE04EC0-301F-11D3-BF4B-00C04F79EFBC}") = "VCoffee.Persistence", "VCoffee.Persistence\VCoffee.Persistence\VCoffee.Persistence.csproj", "{6264CCAF-62FC-4AFB-908F-F860F6AB95AB}"
EndProject
Project("{FAE04EC0-301F-11D3-BF4B-00C04F79EFBC}") = "VCoffee.Infrastructure", "VCoffee.Infrastructure\VCoffee.Infrastructure\VCoffee.Infrastructure.csproj", "{E4B94F5D-FE09-4F20-ADF4-05D60AD12F09}"
EndProject
Project("{FAE04EC0-301F-11D3-BF4B-00C04F79EFBC}") = "VCoffee.WebApi", "VCoffee.WebApi\VCoffee.WebApi\VCoffee.WebApi.csproj", "{0978D49E-9ABF-4EDB-9BA8-6E7C6A8C3414}"
EndProject
Global
	GlobalSection(SolutionConfigurationPlatforms) = preSolution
		Debug|Any CPU = Debug|Any CPU
		Release|Any CPU = Release|Any CPU
	EndGlobalSection
	GlobalSection(ProjectConfigurationPlatforms) = postSolution
		{7B755F32-8484-4F29-B8B7-320C93AE7DEB}.Debug|Any CPU.ActiveCfg = Debug|Any CPU
		{7B755F32-8484-4F29-B8B7-320C93AE7DEB}.Debug|Any CPU.Build.0 = Debug|Any CPU
		{7B755F32-8484-4F29-B8B7-320C93AE7DEB}.Release|Any CPU.ActiveCfg = Release|Any CPU
		{7B755F32-8484-4F29-B8B7-320C93AE7DEB}.Release|Any CPU.Build.0 = Release|Any CPU
		{815FA337-02F8-45F7-B9FD-E54C06426F90}.Debug|Any CPU.ActiveCfg = Debug|Any CPU
		{815FA337-02F8-45F7-B9FD-E54C06426F90}.Debug|Any CPU.Build.0 = Debug|Any CPU
		{815FA337-02F8-45F7-B9FD-E54C06426F90}.Release|Any CPU.ActiveCfg = Release|Any CPU
		{815FA337-02F8-45F7-B9FD-E54C06426F90}.Release|Any CPU.Build.0 = Release|Any CPU
		{75926E18-5273-4E52-9029-927369A8B97C}.Debug|Any CPU.ActiveCfg = Debug|Any CPU
		{75926E18-5273-4E52-9029-927369A8B97C}.Debug|Any CPU.Build.0 = Debug|Any CPU
		{75926E18-5273-4E52-9029-927369A8B97C}.Release|Any CPU.ActiveCfg = Release|Any CPU
		{75926E18-5273-4E52-9029-927369A8B97C}.Release|Any CPU.Build.0 = Release|Any CPU
		{6264CCAF-62FC-4AFB-908F-F860F6AB95AB}.Debug|Any CPU.ActiveCfg = Debug|Any CPU
		{6264CCAF-62FC-4AFB-908F-F860F6AB95AB}.Debug|Any CPU.Build.0 = Debug|Any CPU
		{6264CCAF-62FC-4AFB-908F-F860F6AB95AB}.Release|Any CPU.ActiveCfg = Release|Any CPU
		{6264CCAF-62FC-4AFB-908F-F860F6AB95AB}.Release|Any CPU.Build.0 = Release|Any CPU
		{E4B94F5D-FE09-4F20-ADF4-05D60AD12F09}.Debug|Any CPU.ActiveCfg = Debug|Any CPU
		{E4B94F5D-FE09-4F20-ADF4-05D60AD12F09}.Debug|Any CPU.Build.0 = Debug|Any CPU
		{E4B94F5D-FE09-4F20-ADF4-05D60AD12F09}.Release|Any CPU.ActiveCfg = Release|Any CPU
		{E4B94F5D-FE09-4F20-ADF4-05D60AD12F09}.Release|Any CPU.Build.0 = Release|Any CPU
		{0978D49E-9ABF-4EDB-9BA8-6E7C6A8C3414}.Debug|Any CPU.ActiveCfg = Debug|Any CPU
		{0978D49E-9ABF-4EDB-9BA8-6E7C6A8C3414}.Debug|Any CPU.Build.0 = Debug|Any CPU
		{0978D49E-9ABF-4EDB-9BA8-6E7C6A8C3414}.Release|Any CPU.ActiveCfg = Release|Any CPU
		{0978D49E-9ABF-4EDB-9BA8-6E7C6A8C3414}.Release|Any CPU.Build.0 = Release|Any CPU
	EndGlobalSection
	GlobalSection(SolutionProperties) = preSolution
		HideSolutionNode = FALSE
	EndGlobalSection
	GlobalSection(NestedProjects) = preSolution
		{1A36431C-E1CA-498A-9411-F913253525C3} = {DC84978C-10A3-4C5D-BA52-0C89DD076222}
		{295A8E59-B1D4-4A31-B645-026CDD871BEA} = {DC84978C-10A3-4C5D-BA52-0C89DD076222}
		{5D56B64B-B718-449A-90A8-FE6A08A0A294} = {DC84978C-10A3-4C5D-BA52-0C89DD076222}
		{4DB7FE2F-5E00-437F-B91E-5DBB76479D96} = {DC84978C-10A3-4C5D-BA52-0C89DD076222}
		{7B755F32-8484-4F29-B8B7-320C93AE7DEB} = {1A36431C-E1CA-498A-9411-F913253525C3}
		{815FA337-02F8-45F7-B9FD-E54C06426F90} = {295A8E59-B1D4-4A31-B645-026CDD871BEA}
		{75926E18-5273-4E52-9029-927369A8B97C} = {295A8E59-B1D4-4A31-B645-026CDD871BEA}
		{6264CCAF-62FC-4AFB-908F-F860F6AB95AB} = {4DB7FE2F-5E00-437F-B91E-5DBB76479D96}
		{E4B94F5D-FE09-4F20-ADF4-05D60AD12F09} = {4DB7FE2F-5E00-437F-B91E-5DBB76479D96}
		{0978D49E-9ABF-4EDB-9BA8-6E7C6A8C3414} = {5D56B64B-B718-449A-90A8-FE6A08A0A294}
	EndGlobalSection
	GlobalSection(ExtensibilityGlobals) = postSolution
		SolutionGuid = {24D9209A-227B-476C-948C-98C805BCB1C4}
	EndGlobalSection
EndGlobal
